
Microsoft Visual Studio Solution File, Format Version 12.00
# Visual Studio 14
VisualStudioVersion = 14.0.25420.1
MinimumVisualStudioVersion = 10.0.40219.1
Project("{2150E333-8FDC-42A3-9474-1A3956D46DE8}") = "src", "src", "{E5C193F8-21A5-4955-A124-CA126C72B369}"
EndProject
Project("{2150E333-8FDC-42A3-9474-1A3956D46DE8}") = "Solution Items", "Solution Items", "{811182C7-7989-4EA2-8734-02070480F22E}"
	ProjectSection(SolutionItems) = preProject
		global.json = global.json
	EndProjectSection
EndProject
Project("{8BB2217D-0F2D-49D1-97BC-3654ED321F3B}") = "Main", "src\Main\Main.xproj", "{28097B35-ABC7-4AD9-A7B4-FC72051AA8B2}"
EndProject
Project("{8BB2217D-0F2D-49D1-97BC-3654ED321F3B}") = "ViewModels", "src\ViewModels\ViewModels.xproj", "{BA2A38B5-E3C4-4602-BAD9-0B0741581FD0}"
EndProject
Project("{8BB2217D-0F2D-49D1-97BC-3654ED321F3B}") = "Services", "src\Services\Services.xproj", "{FAB2F69C-B6F0-42FE-8B2F-7DC4EC30E864}"
EndProject
Project("{8BB2217D-0F2D-49D1-97BC-3654ED321F3B}") = "Common", "src\Common\Common.xproj", "{849BA4A0-0C2F-4017-B3C5-998DC77AED09}"
EndProject
Global
	GlobalSection(SolutionConfigurationPlatforms) = preSolution
		Debug|Any CPU = Debug|Any CPU
		Release|Any CPU = Release|Any CPU
	EndGlobalSection
	GlobalSection(ProjectConfigurationPlatforms) = postSolution
		{28097B35-ABC7-4AD9-A7B4-FC72051AA8B2}.Debug|Any CPU.ActiveCfg = Debug|Any CPU
		{28097B35-ABC7-4AD9-A7B4-FC72051AA8B2}.Debug|Any CPU.Build.0 = Debug|Any CPU
		{28097B35-ABC7-4AD9-A7B4-FC72051AA8B2}.Release|Any CPU.ActiveCfg = Release|Any CPU
		{28097B35-ABC7-4AD9-A7B4-FC72051AA8B2}.Release|Any CPU.Build.0 = Release|Any CPU
		{BA2A38B5-E3C4-4602-BAD9-0B0741581FD0}.Debug|Any CPU.ActiveCfg = Debug|Any CPU
		{BA2A38B5-E3C4-4602-BAD9-0B0741581FD0}.Debug|Any CPU.Build.0 = Debug|Any CPU
		{BA2A38B5-E3C4-4602-BAD9-0B0741581FD0}.Release|Any CPU.ActiveCfg = Release|Any CPU
		{BA2A38B5-E3C4-4602-BAD9-0B0741581FD0}.Release|Any CPU.Build.0 = Release|Any CPU
		{FAB2F69C-B6F0-42FE-8B2F-7DC4EC30E864}.Debug|Any CPU.ActiveCfg = Debug|Any CPU
		{FAB2F69C-B6F0-42FE-8B2F-7DC4EC30E864}.Debug|Any CPU.Build.0 = Debug|Any CPU
		{FAB2F69C-B6F0-42FE-8B2F-7DC4EC30E864}.Release|Any CPU.ActiveCfg = Release|Any CPU
		{FAB2F69C-B6F0-42FE-8B2F-7DC4EC30E864}.Release|Any CPU.Build.0 = Release|Any CPU
		{849BA4A0-0C2F-4017-B3C5-998DC77AED09}.Debug|Any CPU.ActiveCfg = Debug|Any CPU
		{849BA4A0-0C2F-4017-B3C5-998DC77AED09}.Debug|Any CPU.Build.0 = Debug|Any CPU
		{849BA4A0-0C2F-4017-B3C5-998DC77AED09}.Release|Any CPU.ActiveCfg = Release|Any CPU
		{849BA4A0-0C2F-4017-B3C5-998DC77AED09}.Release|Any CPU.Build.0 = Release|Any CPU
	EndGlobalSection
	GlobalSection(SolutionProperties) = preSolution
		HideSolutionNode = FALSE
	EndGlobalSection
	GlobalSection(NestedProjects) = preSolution
		{28097B35-ABC7-4AD9-A7B4-FC72051AA8B2} = {E5C193F8-21A5-4955-A124-CA126C72B369}
		{BA2A38B5-E3C4-4602-BAD9-0B0741581FD0} = {E5C193F8-21A5-4955-A124-CA126C72B369}
		{FAB2F69C-B6F0-42FE-8B2F-7DC4EC30E864} = {E5C193F8-21A5-4955-A124-CA126C72B369}
		{849BA4A0-0C2F-4017-B3C5-998DC77AED09} = {E5C193F8-21A5-4955-A124-CA126C72B369}
	EndGlobalSection
EndGlobal
